// !$*UTF8*$!
{
	archiveVersion = 1;
	classes = {
	};
	objectVersion = 46;
	objects = {

/* Begin PBXBuildFile section */
		41176DDAB5D9470BD87E26D7 /* Pods_LazyTransitionsExample.framework in Frameworks */ = {isa = PBXBuildFile; fileRef = CDC20CD1F1EDDFDD7129D07C /* Pods_LazyTransitionsExample.framework */; };
		9D7D55AD1E25118C00054D3A /* 11.png in Resources */ = {isa = PBXBuildFile; fileRef = 9D7D55A01E25118C00054D3A /* 11.png */; };
		9D7D55AE1E25118C00054D3A /* 12.png in Resources */ = {isa = PBXBuildFile; fileRef = 9D7D55A11E25118C00054D3A /* 12.png */; };
		9D7D55AF1E25118C00054D3A /* 5.png in Resources */ = {isa = PBXBuildFile; fileRef = 9D7D55A21E25118C00054D3A /* 5.png */; };
		9D7D55B01E25118C00054D3A /* 6.png in Resources */ = {isa = PBXBuildFile; fileRef = 9D7D55A31E25118C00054D3A /* 6.png */; };
		9D7D55B11E25118C00054D3A /* 7.png in Resources */ = {isa = PBXBuildFile; fileRef = 9D7D55A41E25118C00054D3A /* 7.png */; };
		9D7D55B21E25118C00054D3A /* 8.png in Resources */ = {isa = PBXBuildFile; fileRef = 9D7D55A51E25118C00054D3A /* 8.png */; };
		9D7D55B31E25118C00054D3A /* 9.png in Resources */ = {isa = PBXBuildFile; fileRef = 9D7D55A61E25118C00054D3A /* 9.png */; };
		9D7D55B41E25118C00054D3A /* 10.png in Resources */ = {isa = PBXBuildFile; fileRef = 9D7D55A71E25118C00054D3A /* 10.png */; };
		9D7D55B51E25118C00054D3A /* 0.png in Resources */ = {isa = PBXBuildFile; fileRef = 9D7D55A81E25118C00054D3A /* 0.png */; };
		9D7D55B61E25118C00054D3A /* 1.png in Resources */ = {isa = PBXBuildFile; fileRef = 9D7D55A91E25118C00054D3A /* 1.png */; };
		9D7D55B71E25118C00054D3A /* 2.png in Resources */ = {isa = PBXBuildFile; fileRef = 9D7D55AA1E25118C00054D3A /* 2.png */; };
		9D7D55B81E25118C00054D3A /* 3.png in Resources */ = {isa = PBXBuildFile; fileRef = 9D7D55AB1E25118C00054D3A /* 3.png */; };
		9D7D55B91E25118C00054D3A /* 4.png in Resources */ = {isa = PBXBuildFile; fileRef = 9D7D55AC1E25118C00054D3A /* 4.png */; };
		9D7D55BB1E25128700054D3A /* PhotoCell.swift in Sources */ = {isa = PBXBuildFile; fileRef = 9D7D55BA1E25128700054D3A /* PhotoCell.swift */; };
		9D7D55BD1E2515B800054D3A /* IntroViewController.swift in Sources */ = {isa = PBXBuildFile; fileRef = 9D7D55BC1E2515B800054D3A /* IntroViewController.swift */; };
		9D7D55CC1E262D6C00054D3A /* 20.png in Resources */ = {isa = PBXBuildFile; fileRef = 9D7D55BE1E262D6C00054D3A /* 20.png */; };
		9D7D55CD1E262D6C00054D3A /* 21.png in Resources */ = {isa = PBXBuildFile; fileRef = 9D7D55BF1E262D6C00054D3A /* 21.png */; };
		9D7D55CE1E262D6C00054D3A /* 22.png in Resources */ = {isa = PBXBuildFile; fileRef = 9D7D55C01E262D6C00054D3A /* 22.png */; };
		9D7D55CF1E262D6C00054D3A /* 23.png in Resources */ = {isa = PBXBuildFile; fileRef = 9D7D55C11E262D6C00054D3A /* 23.png */; };
		9D7D55D01E262D6C00054D3A /* 24.png in Resources */ = {isa = PBXBuildFile; fileRef = 9D7D55C21E262D6C00054D3A /* 24.png */; };
		9D7D55D11E262D6C00054D3A /* 25.png in Resources */ = {isa = PBXBuildFile; fileRef = 9D7D55C31E262D6C00054D3A /* 25.png */; };
		9D7D55D21E262D6C00054D3A /* 26.png in Resources */ = {isa = PBXBuildFile; fileRef = 9D7D55C41E262D6C00054D3A /* 26.png */; };
		9D7D55D31E262D6C00054D3A /* 14.png in Resources */ = {isa = PBXBuildFile; fileRef = 9D7D55C51E262D6C00054D3A /* 14.png */; };
		9D7D55D41E262D6C00054D3A /* 15.png in Resources */ = {isa = PBXBuildFile; fileRef = 9D7D55C61E262D6C00054D3A /* 15.png */; };
		9D7D55D51E262D6C00054D3A /* 16.png in Resources */ = {isa = PBXBuildFile; fileRef = 9D7D55C71E262D6C00054D3A /* 16.png */; };
		9D7D55D61E262D6C00054D3A /* 17.png in Resources */ = {isa = PBXBuildFile; fileRef = 9D7D55C81E262D6C00054D3A /* 17.png */; };
		9D7D55D71E262D6C00054D3A /* 18.png in Resources */ = {isa = PBXBuildFile; fileRef = 9D7D55C91E262D6C00054D3A /* 18.png */; };
		9D7D55D81E262D6C00054D3A /* 19.png in Resources */ = {isa = PBXBuildFile; fileRef = 9D7D55CA1E262D6C00054D3A /* 19.png */; };
		9D7D55D91E262D6C00054D3A /* 13.png in Resources */ = {isa = PBXBuildFile; fileRef = 9D7D55CB1E262D6C00054D3A /* 13.png */; };
		9D7D55DD1E26366700054D3A /* MBFingerTipWindow.m in Sources */ = {isa = PBXBuildFile; fileRef = 9D7D55DC1E26366700054D3A /* MBFingerTipWindow.m */; };
		9D7D55E01E2637DE00054D3A /* HABorderButton.m in Sources */ = {isa = PBXBuildFile; fileRef = 9D7D55DF1E2637DE00054D3A /* HABorderButton.m */; };
		DA4E62E01E3E3DC30049A5CB /* LazyTransitions.framework in Frameworks */ = {isa = PBXBuildFile; fileRef = DA4E62DD1E3E3D8F0049A5CB /* LazyTransitions.framework */; };
		DA4E62E11E3E3DC30049A5CB /* LazyTransitions.framework in Embed Frameworks */ = {isa = PBXBuildFile; fileRef = DA4E62DD1E3E3D8F0049A5CB /* LazyTransitions.framework */; settings = {ATTRIBUTES = (CodeSignOnCopy, RemoveHeadersOnCopy, ); }; };
		DAEE389D1E23E2F2004CB8D9 /* AppDelegate.swift in Sources */ = {isa = PBXBuildFile; fileRef = DAEE389C1E23E2F2004CB8D9 /* AppDelegate.swift */; };
		DAEE389F1E23E2F2004CB8D9 /* CatViewController.swift in Sources */ = {isa = PBXBuildFile; fileRef = DAEE389E1E23E2F2004CB8D9 /* CatViewController.swift */; };
		DAEE38A21E23E2F2004CB8D9 /* Main.storyboard in Resources */ = {isa = PBXBuildFile; fileRef = DAEE38A01E23E2F2004CB8D9 /* Main.storyboard */; };
		DAEE38A41E23E2F2004CB8D9 /* Assets.xcassets in Resources */ = {isa = PBXBuildFile; fileRef = DAEE38A31E23E2F2004CB8D9 /* Assets.xcassets */; };
		DAEE38A71E23E2F2004CB8D9 /* LaunchScreen.storyboard in Resources */ = {isa = PBXBuildFile; fileRef = DAEE38A51E23E2F2004CB8D9 /* LaunchScreen.storyboard */; };
/* End PBXBuildFile section */

/* Begin PBXContainerItemProxy section */
		DA4E62DC1E3E3D8F0049A5CB /* PBXContainerItemProxy */ = {
			isa = PBXContainerItemProxy;
			containerPortal = DA4E62D71E3E3D8F0049A5CB /* LazyTransitions.xcodeproj */;
			proxyType = 2;
			remoteGlobalIDString = DA65CB791E1E984C00ECE942;
			remoteInfo = LazyTransitions;
		};
		DA4E62DE1E3E3D8F0049A5CB /* PBXContainerItemProxy */ = {
			isa = PBXContainerItemProxy;
			containerPortal = DA4E62D71E3E3D8F0049A5CB /* LazyTransitions.xcodeproj */;
			proxyType = 2;
			remoteGlobalIDString = DA65CB821E1E984C00ECE942;
			remoteInfo = LazyTransitionsTests;
		};
		DA4E62E21E3E3DC30049A5CB /* PBXContainerItemProxy */ = {
			isa = PBXContainerItemProxy;
			containerPortal = DA4E62D71E3E3D8F0049A5CB /* LazyTransitions.xcodeproj */;
			proxyType = 1;
			remoteGlobalIDString = DA65CB781E1E984C00ECE942;
			remoteInfo = LazyTransitions;
		};
/* End PBXContainerItemProxy section */

/* Begin PBXCopyFilesBuildPhase section */
		DA4E62E41E3E3DC30049A5CB /* Embed Frameworks */ = {
			isa = PBXCopyFilesBuildPhase;
			buildActionMask = 2147483647;
			dstPath = "";
			dstSubfolderSpec = 10;
			files = (
				DA4E62E11E3E3DC30049A5CB /* LazyTransitions.framework in Embed Frameworks */,
			);
			name = "Embed Frameworks";
			runOnlyForDeploymentPostprocessing = 0;
		};
/* End PBXCopyFilesBuildPhase section */

/* Begin PBXFileReference section */
		913B0D34309F01EA16EBF925 /* Pods-LazyTransitionsExample.debug.xcconfig */ = {isa = PBXFileReference; includeInIndex = 1; lastKnownFileType = text.xcconfig; name = "Pods-LazyTransitionsExample.debug.xcconfig"; path = "Pods/Target Support Files/Pods-LazyTransitionsExample/Pods-LazyTransitionsExample.debug.xcconfig"; sourceTree = "<group>"; };
		9D7D55A01E25118C00054D3A /* 11.png */ = {isa = PBXFileReference; lastKnownFileType = image.png; path = 11.png; sourceTree = "<group>"; };
		9D7D55A11E25118C00054D3A /* 12.png */ = {isa = PBXFileReference; lastKnownFileType = image.png; path = 12.png; sourceTree = "<group>"; };
		9D7D55A21E25118C00054D3A /* 5.png */ = {isa = PBXFileReference; lastKnownFileType = image.png; path = 5.png; sourceTree = "<group>"; };
		9D7D55A31E25118C00054D3A /* 6.png */ = {isa = PBXFileReference; lastKnownFileType = image.png; path = 6.png; sourceTree = "<group>"; };
		9D7D55A41E25118C00054D3A /* 7.png */ = {isa = PBXFileReference; lastKnownFileType = image.png; path = 7.png; sourceTree = "<group>"; };
		9D7D55A51E25118C00054D3A /* 8.png */ = {isa = PBXFileReference; lastKnownFileType = image.png; path = 8.png; sourceTree = "<group>"; };
		9D7D55A61E25118C00054D3A /* 9.png */ = {isa = PBXFileReference; lastKnownFileType = image.png; path = 9.png; sourceTree = "<group>"; };
		9D7D55A71E25118C00054D3A /* 10.png */ = {isa = PBXFileReference; lastKnownFileType = image.png; path = 10.png; sourceTree = "<group>"; };
		9D7D55A81E25118C00054D3A /* 0.png */ = {isa = PBXFileReference; lastKnownFileType = image.png; path = 0.png; sourceTree = "<group>"; };
		9D7D55A91E25118C00054D3A /* 1.png */ = {isa = PBXFileReference; lastKnownFileType = image.png; path = 1.png; sourceTree = "<group>"; };
		9D7D55AA1E25118C00054D3A /* 2.png */ = {isa = PBXFileReference; lastKnownFileType = image.png; path = 2.png; sourceTree = "<group>"; };
		9D7D55AB1E25118C00054D3A /* 3.png */ = {isa = PBXFileReference; lastKnownFileType = image.png; path = 3.png; sourceTree = "<group>"; };
		9D7D55AC1E25118C00054D3A /* 4.png */ = {isa = PBXFileReference; lastKnownFileType = image.png; path = 4.png; sourceTree = "<group>"; };
		9D7D55BA1E25128700054D3A /* PhotoCell.swift */ = {isa = PBXFileReference; fileEncoding = 4; lastKnownFileType = sourcecode.swift; path = PhotoCell.swift; sourceTree = "<group>"; };
		9D7D55BC1E2515B800054D3A /* IntroViewController.swift */ = {isa = PBXFileReference; fileEncoding = 4; lastKnownFileType = sourcecode.swift; path = IntroViewController.swift; sourceTree = "<group>"; };
		9D7D55BE1E262D6C00054D3A /* 20.png */ = {isa = PBXFileReference; lastKnownFileType = image.png; path = 20.png; sourceTree = "<group>"; };
		9D7D55BF1E262D6C00054D3A /* 21.png */ = {isa = PBXFileReference; lastKnownFileType = image.png; path = 21.png; sourceTree = "<group>"; };
		9D7D55C01E262D6C00054D3A /* 22.png */ = {isa = PBXFileReference; lastKnownFileType = image.png; path = 22.png; sourceTree = "<group>"; };
		9D7D55C11E262D6C00054D3A /* 23.png */ = {isa = PBXFileReference; lastKnownFileType = image.png; path = 23.png; sourceTree = "<group>"; };
		9D7D55C21E262D6C00054D3A /* 24.png */ = {isa = PBXFileReference; lastKnownFileType = image.png; path = 24.png; sourceTree = "<group>"; };
		9D7D55C31E262D6C00054D3A /* 25.png */ = {isa = PBXFileReference; lastKnownFileType = image.png; path = 25.png; sourceTree = "<group>"; };
		9D7D55C41E262D6C00054D3A /* 26.png */ = {isa = PBXFileReference; lastKnownFileType = image.png; path = 26.png; sourceTree = "<group>"; };
		9D7D55C51E262D6C00054D3A /* 14.png */ = {isa = PBXFileReference; lastKnownFileType = image.png; path = 14.png; sourceTree = "<group>"; };
		9D7D55C61E262D6C00054D3A /* 15.png */ = {isa = PBXFileReference; lastKnownFileType = image.png; path = 15.png; sourceTree = "<group>"; };
		9D7D55C71E262D6C00054D3A /* 16.png */ = {isa = PBXFileReference; lastKnownFileType = image.png; path = 16.png; sourceTree = "<group>"; };
		9D7D55C81E262D6C00054D3A /* 17.png */ = {isa = PBXFileReference; lastKnownFileType = image.png; path = 17.png; sourceTree = "<group>"; };
		9D7D55C91E262D6C00054D3A /* 18.png */ = {isa = PBXFileReference; lastKnownFileType = image.png; path = 18.png; sourceTree = "<group>"; };
		9D7D55CA1E262D6C00054D3A /* 19.png */ = {isa = PBXFileReference; lastKnownFileType = image.png; path = 19.png; sourceTree = "<group>"; };
		9D7D55CB1E262D6C00054D3A /* 13.png */ = {isa = PBXFileReference; lastKnownFileType = image.png; path = 13.png; sourceTree = "<group>"; };
		9D7D55DA1E26366600054D3A /* LazyTransitionsExample-Bridging-Header.h */ = {isa = PBXFileReference; lastKnownFileType = sourcecode.c.h; path = "LazyTransitionsExample-Bridging-Header.h"; sourceTree = "<group>"; };
		9D7D55DB1E26366700054D3A /* MBFingerTipWindow.h */ = {isa = PBXFileReference; fileEncoding = 4; lastKnownFileType = sourcecode.c.h; path = MBFingerTipWindow.h; sourceTree = "<group>"; };
		9D7D55DC1E26366700054D3A /* MBFingerTipWindow.m */ = {isa = PBXFileReference; fileEncoding = 4; lastKnownFileType = sourcecode.c.objc; path = MBFingerTipWindow.m; sourceTree = "<group>"; };
		9D7D55DE1E2637DE00054D3A /* HABorderButton.h */ = {isa = PBXFileReference; fileEncoding = 4; lastKnownFileType = sourcecode.c.h; path = HABorderButton.h; sourceTree = "<group>"; };
		9D7D55DF1E2637DE00054D3A /* HABorderButton.m */ = {isa = PBXFileReference; fileEncoding = 4; lastKnownFileType = sourcecode.c.objc; path = HABorderButton.m; sourceTree = "<group>"; };
		B5900520C1F5D61408A906B2 /* Pods-LazyTransitionsExample.release.xcconfig */ = {isa = PBXFileReference; includeInIndex = 1; lastKnownFileType = text.xcconfig; name = "Pods-LazyTransitionsExample.release.xcconfig"; path = "Pods/Target Support Files/Pods-LazyTransitionsExample/Pods-LazyTransitionsExample.release.xcconfig"; sourceTree = "<group>"; };
		CDC20CD1F1EDDFDD7129D07C /* Pods_LazyTransitionsExample.framework */ = {isa = PBXFileReference; explicitFileType = wrapper.framework; includeInIndex = 0; path = Pods_LazyTransitionsExample.framework; sourceTree = BUILT_PRODUCTS_DIR; };
		DA4E62D71E3E3D8F0049A5CB /* LazyTransitions.xcodeproj */ = {isa = PBXFileReference; lastKnownFileType = "wrapper.pb-project"; name = LazyTransitions.xcodeproj; path = ../LazyTransitions.xcodeproj; sourceTree = "<group>"; };
		DAEE38991E23E2F2004CB8D9 /* LazyTransitionsExample.app */ = {isa = PBXFileReference; explicitFileType = wrapper.application; includeInIndex = 0; path = LazyTransitionsExample.app; sourceTree = BUILT_PRODUCTS_DIR; };
		DAEE389C1E23E2F2004CB8D9 /* AppDelegate.swift */ = {isa = PBXFileReference; lastKnownFileType = sourcecode.swift; path = AppDelegate.swift; sourceTree = "<group>"; };
		DAEE389E1E23E2F2004CB8D9 /* CatViewController.swift */ = {isa = PBXFileReference; lastKnownFileType = sourcecode.swift; path = CatViewController.swift; sourceTree = "<group>"; };
		DAEE38A11E23E2F2004CB8D9 /* Base */ = {isa = PBXFileReference; lastKnownFileType = file.storyboard; name = Base; path = Base.lproj/Main.storyboard; sourceTree = "<group>"; };
		DAEE38A31E23E2F2004CB8D9 /* Assets.xcassets */ = {isa = PBXFileReference; lastKnownFileType = folder.assetcatalog; path = Assets.xcassets; sourceTree = "<group>"; };
		DAEE38A61E23E2F2004CB8D9 /* Base */ = {isa = PBXFileReference; lastKnownFileType = file.storyboard; name = Base; path = Base.lproj/LaunchScreen.storyboard; sourceTree = "<group>"; };
		DAEE38A81E23E2F2004CB8D9 /* Info.plist */ = {isa = PBXFileReference; lastKnownFileType = text.plist.xml; path = Info.plist; sourceTree = "<group>"; };
/* End PBXFileReference section */

/* Begin PBXFrameworksBuildPhase section */
		DAEE38961E23E2F2004CB8D9 /* Frameworks */ = {
			isa = PBXFrameworksBuildPhase;
			buildActionMask = 2147483647;
			files = (
				DA4E62E01E3E3DC30049A5CB /* LazyTransitions.framework in Frameworks */,
				41176DDAB5D9470BD87E26D7 /* Pods_LazyTransitionsExample.framework in Frameworks */,
			);
			runOnlyForDeploymentPostprocessing = 0;
		};
/* End PBXFrameworksBuildPhase section */

/* Begin PBXGroup section */
		B3A4F5A4502CFA893661648A /* Pods */ = {
			isa = PBXGroup;
			children = (
				913B0D34309F01EA16EBF925 /* Pods-LazyTransitionsExample.debug.xcconfig */,
				B5900520C1F5D61408A906B2 /* Pods-LazyTransitionsExample.release.xcconfig */,
			);
			name = Pods;
			sourceTree = "<group>";
		};
		DA4E62D81E3E3D8F0049A5CB /* Products */ = {
			isa = PBXGroup;
			children = (
				DA4E62DD1E3E3D8F0049A5CB /* LazyTransitions.framework */,
				DA4E62DF1E3E3D8F0049A5CB /* LazyTransitionsTests.xctest */,
			);
			name = Products;
			sourceTree = "<group>";
		};
		DAEE38901E23E2F2004CB8D9 = {
			isa = PBXGroup;
			children = (
				DAEE389B1E23E2F2004CB8D9 /* LazyTransitionsExample */,
				DAEE389A1E23E2F2004CB8D9 /* Products */,
				DC834C691B60C5B6AF5A618D /* Frameworks */,
				DA4E62D71E3E3D8F0049A5CB /* LazyTransitions.xcodeproj */,
				B3A4F5A4502CFA893661648A /* Pods */,
			);
			sourceTree = "<group>";
		};
		DAEE389A1E23E2F2004CB8D9 /* Products */ = {
			isa = PBXGroup;
			children = (
				DAEE38991E23E2F2004CB8D9 /* LazyTransitionsExample.app */,
			);
			name = Products;
			sourceTree = "<group>";
		};
		DAEE389B1E23E2F2004CB8D9 /* LazyTransitionsExample */ = {
			isa = PBXGroup;
			children = (
				DAEE389C1E23E2F2004CB8D9 /* AppDelegate.swift */,
				DAEE389E1E23E2F2004CB8D9 /* CatViewController.swift */,
				9D7D55BC1E2515B800054D3A /* IntroViewController.swift */,
				9D7D55BA1E25128700054D3A /* PhotoCell.swift */,
				9D7D55DB1E26366700054D3A /* MBFingerTipWindow.h */,
				9D7D55DC1E26366700054D3A /* MBFingerTipWindow.m */,
				9D7D55DE1E2637DE00054D3A /* HABorderButton.h */,
				9D7D55DF1E2637DE00054D3A /* HABorderButton.m */,
				DAEE38A01E23E2F2004CB8D9 /* Main.storyboard */,
				DAEE38A31E23E2F2004CB8D9 /* Assets.xcassets */,
				9D7D55A81E25118C00054D3A /* 0.png */,
				9D7D55A91E25118C00054D3A /* 1.png */,
				9D7D55AA1E25118C00054D3A /* 2.png */,
				9D7D55AB1E25118C00054D3A /* 3.png */,
				9D7D55AC1E25118C00054D3A /* 4.png */,
				9D7D55A21E25118C00054D3A /* 5.png */,
				9D7D55A31E25118C00054D3A /* 6.png */,
				9D7D55A41E25118C00054D3A /* 7.png */,
				9D7D55A51E25118C00054D3A /* 8.png */,
				9D7D55A61E25118C00054D3A /* 9.png */,
				9D7D55A71E25118C00054D3A /* 10.png */,
				9D7D55A01E25118C00054D3A /* 11.png */,
				9D7D55A11E25118C00054D3A /* 12.png */,
				9D7D55CB1E262D6C00054D3A /* 13.png */,
				9D7D55C51E262D6C00054D3A /* 14.png */,
				9D7D55C61E262D6C00054D3A /* 15.png */,
				9D7D55C71E262D6C00054D3A /* 16.png */,
				9D7D55C81E262D6C00054D3A /* 17.png */,
				9D7D55C91E262D6C00054D3A /* 18.png */,
				9D7D55CA1E262D6C00054D3A /* 19.png */,
				9D7D55BE1E262D6C00054D3A /* 20.png */,
				9D7D55BF1E262D6C00054D3A /* 21.png */,
				9D7D55C01E262D6C00054D3A /* 22.png */,
				9D7D55C11E262D6C00054D3A /* 23.png */,
				9D7D55C21E262D6C00054D3A /* 24.png */,
				9D7D55C31E262D6C00054D3A /* 25.png */,
				9D7D55C41E262D6C00054D3A /* 26.png */,
				DAEE38A51E23E2F2004CB8D9 /* LaunchScreen.storyboard */,
				DAEE38A81E23E2F2004CB8D9 /* Info.plist */,
				9D7D55DA1E26366600054D3A /* LazyTransitionsExample-Bridging-Header.h */,
			);
			path = LazyTransitionsExample;
			sourceTree = "<group>";
		};
		DC834C691B60C5B6AF5A618D /* Frameworks */ = {
			isa = PBXGroup;
			children = (
				CDC20CD1F1EDDFDD7129D07C /* Pods_LazyTransitionsExample.framework */,
			);
			name = Frameworks;
			sourceTree = "<group>";
		};
/* End PBXGroup section */

/* Begin PBXNativeTarget section */
		DAEE38981E23E2F2004CB8D9 /* LazyTransitionsExample */ = {
			isa = PBXNativeTarget;
			buildConfigurationList = DAEE38AB1E23E2F2004CB8D9 /* Build configuration list for PBXNativeTarget "LazyTransitionsExample" */;
			buildPhases = (
				4E9AD1110150D57058839853 /* [CP] Check Pods Manifest.lock */,
				DAEE38951E23E2F2004CB8D9 /* Sources */,
				DAEE38961E23E2F2004CB8D9 /* Frameworks */,
				DAEE38971E23E2F2004CB8D9 /* Resources */,
				DA4E62E41E3E3DC30049A5CB /* Embed Frameworks */,
				44E4B5AC03826B28D3C51A76 /* [CP] Embed Pods Frameworks */,
			);
			buildRules = (
			);
			dependencies = (
				DA4E62E31E3E3DC30049A5CB /* PBXTargetDependency */,
			);
			name = LazyTransitionsExample;
			productName = LazyTransitionsExample;
			productReference = DAEE38991E23E2F2004CB8D9 /* LazyTransitionsExample.app */;
			productType = "com.apple.product-type.application";
		};
/* End PBXNativeTarget section */

/* Begin PBXProject section */
		DAEE38911E23E2F2004CB8D9 /* Project object */ = {
			isa = PBXProject;
			attributes = {
				LastSwiftUpdateCheck = 0820;
				LastUpgradeCheck = 0820;
				ORGANIZATIONNAME = BeardWare;
				TargetAttributes = {
					DAEE38981E23E2F2004CB8D9 = {
						CreatedOnToolsVersion = 8.2.1;
						DevelopmentTeam = 7C2WZ3W3L2;
						LastSwiftMigration = 0820;
						ProvisioningStyle = Automatic;
					};
				};
			};
			buildConfigurationList = DAEE38941E23E2F2004CB8D9 /* Build configuration list for PBXProject "LazyTransitionsExample" */;
			compatibilityVersion = "Xcode 3.2";
			developmentRegion = English;
			hasScannedForEncodings = 0;
			knownRegions = (
				en,
				Base,
			);
			mainGroup = DAEE38901E23E2F2004CB8D9;
			productRefGroup = DAEE389A1E23E2F2004CB8D9 /* Products */;
			projectDirPath = "";
			projectReferences = (
				{
					ProductGroup = DA4E62D81E3E3D8F0049A5CB /* Products */;
					ProjectRef = DA4E62D71E3E3D8F0049A5CB /* LazyTransitions.xcodeproj */;
				},
			);
			projectRoot = "";
			targets = (
				DAEE38981E23E2F2004CB8D9 /* LazyTransitionsExample */,
			);
		};
/* End PBXProject section */

/* Begin PBXReferenceProxy section */
		DA4E62DD1E3E3D8F0049A5CB /* LazyTransitions.framework */ = {
			isa = PBXReferenceProxy;
			fileType = wrapper.framework;
			path = LazyTransitions.framework;
			remoteRef = DA4E62DC1E3E3D8F0049A5CB /* PBXContainerItemProxy */;
			sourceTree = BUILT_PRODUCTS_DIR;
		};
		DA4E62DF1E3E3D8F0049A5CB /* LazyTransitionsTests.xctest */ = {
			isa = PBXReferenceProxy;
			fileType = wrapper.cfbundle;
			path = LazyTransitionsTests.xctest;
			remoteRef = DA4E62DE1E3E3D8F0049A5CB /* PBXContainerItemProxy */;
			sourceTree = BUILT_PRODUCTS_DIR;
		};
/* End PBXReferenceProxy section */

/* Begin PBXResourcesBuildPhase section */
		DAEE38971E23E2F2004CB8D9 /* Resources */ = {
			isa = PBXResourcesBuildPhase;
			buildActionMask = 2147483647;
			files = (
				9D7D55D51E262D6C00054D3A /* 16.png in Resources */,
				9D7D55D41E262D6C00054D3A /* 15.png in Resources */,
				9D7D55B81E25118C00054D3A /* 3.png in Resources */,
				9D7D55B51E25118C00054D3A /* 0.png in Resources */,
				9D7D55D01E262D6C00054D3A /* 24.png in Resources */,
				9D7D55D91E262D6C00054D3A /* 13.png in Resources */,
				9D7D55B01E25118C00054D3A /* 6.png in Resources */,
				9D7D55B71E25118C00054D3A /* 2.png in Resources */,
				9D7D55CE1E262D6C00054D3A /* 22.png in Resources */,
				9D7D55AE1E25118C00054D3A /* 12.png in Resources */,
				DAEE38A71E23E2F2004CB8D9 /* LaunchScreen.storyboard in Resources */,
				9D7D55B41E25118C00054D3A /* 10.png in Resources */,
				9D7D55B61E25118C00054D3A /* 1.png in Resources */,
				9D7D55CD1E262D6C00054D3A /* 21.png in Resources */,
				9D7D55CF1E262D6C00054D3A /* 23.png in Resources */,
				9D7D55B31E25118C00054D3A /* 9.png in Resources */,
				DAEE38A41E23E2F2004CB8D9 /* Assets.xcassets in Resources */,
				9D7D55CC1E262D6C00054D3A /* 20.png in Resources */,
				9D7D55D21E262D6C00054D3A /* 26.png in Resources */,
				9D7D55AF1E25118C00054D3A /* 5.png in Resources */,
				DAEE38A21E23E2F2004CB8D9 /* Main.storyboard in Resources */,
				9D7D55B91E25118C00054D3A /* 4.png in Resources */,
				9D7D55D81E262D6C00054D3A /* 19.png in Resources */,
				9D7D55B21E25118C00054D3A /* 8.png in Resources */,
				9D7D55AD1E25118C00054D3A /* 11.png in Resources */,
				9D7D55D11E262D6C00054D3A /* 25.png in Resources */,
				9D7D55D31E262D6C00054D3A /* 14.png in Resources */,
				9D7D55D61E262D6C00054D3A /* 17.png in Resources */,
				9D7D55D71E262D6C00054D3A /* 18.png in Resources */,
				9D7D55B11E25118C00054D3A /* 7.png in Resources */,
			);
			runOnlyForDeploymentPostprocessing = 0;
		};
/* End PBXResourcesBuildPhase section */

/* Begin PBXShellScriptBuildPhase section */
		44E4B5AC03826B28D3C51A76 /* [CP] Embed Pods Frameworks */ = {
			isa = PBXShellScriptBuildPhase;
			buildActionMask = 2147483647;
			files = (
			);
			inputFileListPaths = (
			);
			inputPaths = (
				"${SRCROOT}/Pods/Target Support Files/Pods-LazyTransitionsExample/Pods-LazyTransitionsExample-frameworks.sh",
				"${BUILT_PRODUCTS_DIR}/LazyTransitions/LazyTransitions.framework",
			);
			name = "[CP] Embed Pods Frameworks";
			outputFileListPaths = (
			);
			outputPaths = (
				"${TARGET_BUILD_DIR}/${FRAMEWORKS_FOLDER_PATH}/LazyTransitions.framework",
			);
			runOnlyForDeploymentPostprocessing = 0;
			shellPath = /bin/sh;
			shellScript = "\"${SRCROOT}/Pods/Target Support Files/Pods-LazyTransitionsExample/Pods-LazyTransitionsExample-frameworks.sh\"\n";
			showEnvVarsInLog = 0;
		};
		4E9AD1110150D57058839853 /* [CP] Check Pods Manifest.lock */ = {
			isa = PBXShellScriptBuildPhase;
			buildActionMask = 2147483647;
			files = (
			);
			inputFileListPaths = (
			);
			inputPaths = (
				"${PODS_PODFILE_DIR_PATH}/Podfile.lock",
				"${PODS_ROOT}/Manifest.lock",
			);
			name = "[CP] Check Pods Manifest.lock";
			outputFileListPaths = (
			);
			outputPaths = (
				"$(DERIVED_FILE_DIR)/Pods-LazyTransitionsExample-checkManifestLockResult.txt",
			);
			runOnlyForDeploymentPostprocessing = 0;
			shellPath = /bin/sh;
			shellScript = "diff \"${PODS_PODFILE_DIR_PATH}/Podfile.lock\" \"${PODS_ROOT}/Manifest.lock\" > /dev/null\nif [ $? != 0 ] ; then\n    # print error to STDERR\n    echo \"error: The sandbox is not in sync with the Podfile.lock. Run 'pod install' or update your CocoaPods installation.\" >&2\n    exit 1\nfi\n# This output is used by Xcode 'outputs' to avoid re-running this script phase.\necho \"SUCCESS\" > \"${SCRIPT_OUTPUT_FILE_0}\"\n";
			showEnvVarsInLog = 0;
		};
/* End PBXShellScriptBuildPhase section */

/* Begin PBXSourcesBuildPhase section */
		DAEE38951E23E2F2004CB8D9 /* Sources */ = {
			isa = PBXSourcesBuildPhase;
			buildActionMask = 2147483647;
			files = (
				DAEE389F1E23E2F2004CB8D9 /* CatViewController.swift in Sources */,
				9D7D55BB1E25128700054D3A /* PhotoCell.swift in Sources */,
				9D7D55E01E2637DE00054D3A /* HABorderButton.m in Sources */,
				DAEE389D1E23E2F2004CB8D9 /* AppDelegate.swift in Sources */,
				9D7D55BD1E2515B800054D3A /* IntroViewController.swift in Sources */,
				9D7D55DD1E26366700054D3A /* MBFingerTipWindow.m in Sources */,
			);
			runOnlyForDeploymentPostprocessing = 0;
		};
/* End PBXSourcesBuildPhase section */

/* Begin PBXTargetDependency section */
		DA4E62E31E3E3DC30049A5CB /* PBXTargetDependency */ = {
			isa = PBXTargetDependency;
			name = LazyTransitions;
			targetProxy = DA4E62E21E3E3DC30049A5CB /* PBXContainerItemProxy */;
		};
/* End PBXTargetDependency section */

/* Begin PBXVariantGroup section */
		DAEE38A01E23E2F2004CB8D9 /* Main.storyboard */ = {
			isa = PBXVariantGroup;
			children = (
				DAEE38A11E23E2F2004CB8D9 /* Base */,
			);
			name = Main.storyboard;
			sourceTree = "<group>";
		};
		DAEE38A51E23E2F2004CB8D9 /* LaunchScreen.storyboard */ = {
			isa = PBXVariantGroup;
			children = (
				DAEE38A61E23E2F2004CB8D9 /* Base */,
			);
			name = LaunchScreen.storyboard;
			sourceTree = "<group>";
		};
/* End PBXVariantGroup section */

/* Begin XCBuildConfiguration section */
		DAEE38A91E23E2F2004CB8D9 /* Debug */ = {
			isa = XCBuildConfiguration;
			buildSettings = {
				ALWAYS_SEARCH_USER_PATHS = NO;
				CLANG_ANALYZER_NONNULL = YES;
				CLANG_CXX_LANGUAGE_STANDARD = "gnu++0x";
				CLANG_CXX_LIBRARY = "libc++";
				CLANG_ENABLE_MODULES = YES;
				CLANG_ENABLE_OBJC_ARC = YES;
				CLANG_WARN_BOOL_CONVERSION = YES;
				CLANG_WARN_CONSTANT_CONVERSION = YES;
				CLANG_WARN_DIRECT_OBJC_ISA_USAGE = YES_ERROR;
				CLANG_WARN_DOCUMENTATION_COMMENTS = YES;
				CLANG_WARN_EMPTY_BODY = YES;
				CLANG_WARN_ENUM_CONVERSION = YES;
				CLANG_WARN_INFINITE_RECURSION = YES;
				CLANG_WARN_INT_CONVERSION = YES;
				CLANG_WARN_OBJC_ROOT_CLASS = YES_ERROR;
				CLANG_WARN_SUSPICIOUS_MOVE = YES;
				CLANG_WARN_UNREACHABLE_CODE = YES;
				CLANG_WARN__DUPLICATE_METHOD_MATCH = YES;
				"CODE_SIGN_IDENTITY[sdk=iphoneos*]" = "iPhone Developer";
				COPY_PHASE_STRIP = NO;
				DEBUG_INFORMATION_FORMAT = dwarf;
				ENABLE_STRICT_OBJC_MSGSEND = YES;
				ENABLE_TESTABILITY = YES;
				GCC_C_LANGUAGE_STANDARD = gnu99;
				GCC_DYNAMIC_NO_PIC = NO;
				GCC_NO_COMMON_BLOCKS = YES;
				GCC_OPTIMIZATION_LEVEL = 0;
				GCC_PREPROCESSOR_DEFINITIONS = (
					"DEBUG=1",
					"$(inherited)",
				);
				GCC_WARN_64_TO_32_BIT_CONVERSION = YES;
				GCC_WARN_ABOUT_RETURN_TYPE = YES_ERROR;
				GCC_WARN_UNDECLARED_SELECTOR = YES;
				GCC_WARN_UNINITIALIZED_AUTOS = YES_AGGRESSIVE;
				GCC_WARN_UNUSED_FUNCTION = YES;
				GCC_WARN_UNUSED_VARIABLE = YES;
				IPHONEOS_DEPLOYMENT_TARGET = 8.0;
				MTL_ENABLE_DEBUG_INFO = YES;
				ONLY_ACTIVE_ARCH = YES;
				SDKROOT = iphoneos;
				SWIFT_ACTIVE_COMPILATION_CONDITIONS = DEBUG;
				SWIFT_OPTIMIZATION_LEVEL = "-Onone";
			};
			name = Debug;
		};
		DAEE38AA1E23E2F2004CB8D9 /* Release */ = {
			isa = XCBuildConfiguration;
			buildSettings = {
				ALWAYS_SEARCH_USER_PATHS = NO;
				CLANG_ANALYZER_NONNULL = YES;
				CLANG_CXX_LANGUAGE_STANDARD = "gnu++0x";
				CLANG_CXX_LIBRARY = "libc++";
				CLANG_ENABLE_MODULES = YES;
				CLANG_ENABLE_OBJC_ARC = YES;
				CLANG_WARN_BOOL_CONVERSION = YES;
				CLANG_WARN_CONSTANT_CONVERSION = YES;
				CLANG_WARN_DIRECT_OBJC_ISA_USAGE = YES_ERROR;
				CLANG_WARN_DOCUMENTATION_COMMENTS = YES;
				CLANG_WARN_EMPTY_BODY = YES;
				CLANG_WARN_ENUM_CONVERSION = YES;
				CLANG_WARN_INFINITE_RECURSION = YES;
				CLANG_WARN_INT_CONVERSION = YES;
				CLANG_WARN_OBJC_ROOT_CLASS = YES_ERROR;
				CLANG_WARN_SUSPICIOUS_MOVE = YES;
				CLANG_WARN_UNREACHABLE_CODE = YES;
				CLANG_WARN__DUPLICATE_METHOD_MATCH = YES;
				"CODE_SIGN_IDENTITY[sdk=iphoneos*]" = "iPhone Developer";
				COPY_PHASE_STRIP = NO;
				DEBUG_INFORMATION_FORMAT = "dwarf-with-dsym";
				ENABLE_NS_ASSERTIONS = NO;
				ENABLE_STRICT_OBJC_MSGSEND = YES;
				GCC_C_LANGUAGE_STANDARD = gnu99;
				GCC_NO_COMMON_BLOCKS = YES;
				GCC_WARN_64_TO_32_BIT_CONVERSION = YES;
				GCC_WARN_ABOUT_RETURN_TYPE = YES_ERROR;
				GCC_WARN_UNDECLARED_SELECTOR = YES;
				GCC_WARN_UNINITIALIZED_AUTOS = YES_AGGRESSIVE;
				GCC_WARN_UNUSED_FUNCTION = YES;
				GCC_WARN_UNUSED_VARIABLE = YES;
				IPHONEOS_DEPLOYMENT_TARGET = 8.0;
				MTL_ENABLE_DEBUG_INFO = NO;
				SDKROOT = iphoneos;
				SWIFT_OPTIMIZATION_LEVEL = "-Owholemodule";
				VALIDATE_PRODUCT = YES;
			};
			name = Release;
		};
		DAEE38AC1E23E2F2004CB8D9 /* Debug */ = {
			isa = XCBuildConfiguration;
			baseConfigurationReference = 913B0D34309F01EA16EBF925 /* Pods-LazyTransitionsExample.debug.xcconfig */;
			buildSettings = {
				ALWAYS_EMBED_SWIFT_STANDARD_LIBRARIES = YES;
				ASSETCATALOG_COMPILER_APPICON_NAME = AppIcon;
				CLANG_ENABLE_MODULES = YES;
				DEVELOPMENT_TEAM = 7C2WZ3W3L2;
				INFOPLIST_FILE = LazyTransitionsExample/Info.plist;
				LD_RUNPATH_SEARCH_PATHS = "$(inherited) @executable_path/Frameworks";
				PRODUCT_BUNDLE_IDENTIFIER = com.beardware.LazyTransitionsExample;
				PRODUCT_NAME = "$(TARGET_NAME)";
				SWIFT_OBJC_BRIDGING_HEADER = "LazyTransitionsExample/LazyTransitionsExample-Bridging-Header.h";
				SWIFT_OPTIMIZATION_LEVEL = "-Onone";
				SWIFT_VERSION = 3.0;
			};
			name = Debug;
		};
		DAEE38AD1E23E2F2004CB8D9 /* Release */ = {
			isa = XCBuildConfiguration;
			baseConfigurationReference = B5900520C1F5D61408A906B2 /* Pods-LazyTransitionsExample.release.xcconfig */;
			buildSettings = {
				ALWAYS_EMBED_SWIFT_STANDARD_LIBRARIES = YES;
				ASSETCATALOG_COMPILER_APPICON_NAME = AppIcon;
				CLANG_ENABLE_MODULES = YES;
				DEVELOPMENT_TEAM = 7C2WZ3W3L2;
				INFOPLIST_FILE = LazyTransitionsExample/Info.plist;
				LD_RUNPATH_SEARCH_PATHS = "$(inherited) @executable_path/Frameworks";
				PRODUCT_BUNDLE_IDENTIFIER = com.beardware.LazyTransitionsExample;
				PRODUCT_NAME = "$(TARGET_NAME)";
				SWIFT_OBJC_BRIDGING_HEADER = "LazyTransitionsExample/LazyTransitionsExample-Bridging-Header.h";
				SWIFT_VERSION = 3.0;
			};
			name = Release;
		};
/* End XCBuildConfiguration section */

/* Begin XCConfigurationList section */
		DAEE38941E23E2F2004CB8D9 /* Build configuration list for PBXProject "LazyTransitionsExample" */ = {
			isa = XCConfigurationList;
			buildConfigurations = (
				DAEE38A91E23E2F2004CB8D9 /* Debug */,
				DAEE38AA1E23E2F2004CB8D9 /* Release */,
			);
			defaultConfigurationIsVisible = 0;
			defaultConfigurationName = Release;
		};
		DAEE38AB1E23E2F2004CB8D9 /* Build configuration list for PBXNativeTarget "LazyTransitionsExample" */ = {
			isa = XCConfigurationList;
			buildConfigurations = (
				DAEE38AC1E23E2F2004CB8D9 /* Debug */,
				DAEE38AD1E23E2F2004CB8D9 /* Release */,
			);
			defaultConfigurationIsVisible = 0;
			defaultConfigurationName = Release;
		};
/* End XCConfigurationList section */
	};
	rootObject = DAEE38911E23E2F2004CB8D9 /* Project object */;
}
